<?xml version="1.0" encoding="utf-8"?>
<Project ToolsVersion="4.0" xmlns="http://schemas.microsoft.com/developer/msbuild/2003">
  <ItemGroup>
    <Filter Include="Core">
      <UniqueIdentifier>{d1950819-8955-475c-9feb-ebcc2a7fc6d0}</UniqueIdentifier>
    </Filter>
    <Filter Include="Memory">
      <UniqueIdentifier>{e7da634a-9b6b-4168-89ef-ee5f03aec230}</UniqueIdentifier>
    </Filter>
    <Filter Include="Math">
      <UniqueIdentifier>{51ad93f6-c891-4eb0-b28b-bdba2df36e20}</UniqueIdentifier>
    </Filter>
    <Filter Include="Render">
      <UniqueIdentifier>{2342e279-6922-4a4a-a679-d71b88431092}</UniqueIdentifier>
    </Filter>
    <Filter Include="Utils">
      <UniqueIdentifier>{ea0fe01c-7eff-47fa-9aa7-4b807ed79517}</UniqueIdentifier>
    </Filter>
    <Filter Include="SceneGraph">
      <UniqueIdentifier>{582eb1d5-aa00-4d73-b314-08d71c08ce32}</UniqueIdentifier>
    </Filter>
    <Filter Include="Assets">
      <UniqueIdentifier>{3657466d-63fa-4ca7-b5a0-9159fe854f69}</UniqueIdentifier>
    </Filter>
    <Filter Include="Messaging">
      <UniqueIdentifier>{255bb608-5e92-4206-982f-0e77086c66b8}</UniqueIdentifier>
    </Filter>
  </ItemGroup>
  <ItemGroup>
    <ClInclude Include="Memory\CBMemory.h">
      <Filter>Memory</Filter>
    </ClInclude>
    <ClInclude Include="Memory\CBPoolAllocator.h">
      <Filter>Memory</Filter>
    </ClInclude>
    <ClInclude Include="Memory\CBMemArena.h">
      <Filter>Memory</Filter>
    </ClInclude>
    <ClInclude Include="Math\Matrix4x4.h">
      <Filter>Math</Filter>
    </ClInclude>
    <ClInclude Include="Math\Vec3.h">
      <Filter>Math</Filter>
    </ClInclude>
    <ClInclude Include="Core\WinMain.h">
      <Filter>Core</Filter>
    </ClInclude>
    <ClInclude Include="Render\Vertex.h">
      <Filter>Render</Filter>
    </ClInclude>
    <ClInclude Include="Core\Component.h">
      <Filter>Core</Filter>
    </ClInclude>
    <ClInclude Include="Core\GameContext.h">
      <Filter>Core</Filter>
    </ClInclude>
    <ClInclude Include="Utils\CBQueue.h">
      <Filter>Utils</Filter>
    </ClInclude>
    <ClInclude Include="Utils\CBString.h">
      <Filter>Utils</Filter>
    </ClInclude>
    <ClInclude Include="Utils\CBStringOps.h">
      <Filter>Utils</Filter>
    </ClInclude>
    <ClInclude Include="Utils\exceptions.h">
      <Filter>Utils</Filter>
    </ClInclude>
    <ClInclude Include="Utils\typedefs.h">
      <Filter>Utils</Filter>
    </ClInclude>
    <ClInclude Include="Utils\CBDebug.h">
      <Filter>Utils</Filter>
    </ClInclude>
    <ClInclude Include="Utils\CBFile.h">
      <Filter>Utils</Filter>
    </ClInclude>
    <ClInclude Include="Utils\CBPath.h">
      <Filter>Utils</Filter>
    </ClInclude>
    <ClInclude Include="Utils\CBVector.h">
      <Filter>Utils</Filter>
    </ClInclude>
    <ClInclude Include="Core\System.h">
      <Filter>Core</Filter>
    </ClInclude>
    <ClInclude Include="Core\Engine.h">
      <Filter>Core</Filter>
    </ClInclude>
    <ClInclude Include="Core\Game.h">
      <Filter>Core</Filter>
    </ClInclude>
    <ClInclude Include="Render\Mesh.h">
      <Filter>Render</Filter>
    </ClInclude>
    <ClInclude Include="Render\Window.h">
      <Filter>Render</Filter>
    </ClInclude>
    <ClInclude Include="Render\Graphics.h">
      <Filter>Render</Filter>
    </ClInclude>
    <ClInclude Include="Render\MeshManager.h">
      <Filter>Render</Filter>
    </ClInclude>
    <ClInclude Include="SceneGraph\SceneNode.h">
      <Filter>SceneGraph</Filter>
    </ClInclude>
    <ClInclude Include="SceneGraph\Camera.h">
      <Filter>SceneGraph</Filter>
    </ClInclude>
    <ClInclude Include="Render\MeshInstance.h">
      <Filter>Render</Filter>
    </ClInclude>
    <ClInclude Include="Utils\CBRefCountPtr.h">
      <Filter>Utils</Filter>
    </ClInclude>
    <ClInclude Include="Core\Input.h">
      <Filter>Core</Filter>
    </ClInclude>
    <ClInclude Include="Utils\CBHelper.h">
      <Filter>Utils</Filter>
    </ClInclude>
    <ClInclude Include="Utils\KeyCodes.h">
      <Filter>Utils</Filter>
    </ClInclude>
    <ClInclude Include="Messaging\Message.h">
      <Filter>Messaging</Filter>
    </ClInclude>
    <ClInclude Include="Messaging\MessageBus.h">
      <Filter>Messaging</Filter>
    </ClInclude>
    <ClInclude Include="Messaging\CBMessaging.h">
      <Filter>Messaging</Filter>
    </ClInclude>
    <ClInclude Include="Messaging\MessageDecl.h">
      <Filter>Messaging</Filter>
    </ClInclude>
    <ClInclude Include="Math\CBMath.h">
      <Filter>Math</Filter>
    </ClInclude>
  </ItemGroup>
  <ItemGroup>
    <ClCompile Include="Math\Vec3.cpp">
      <Filter>Math</Filter>
    </ClCompile>
    <ClCompile Include="Math\Matrix4x4.cpp">
      <Filter>Math</Filter>
    </ClCompile>
    <ClCompile Include="Core\WinMain.cpp">
      <Filter>Core</Filter>
    </ClCompile>
    <ClCompile Include="Render\Vertex.cpp">
      <Filter>Render</Filter>
    </ClCompile>
    <ClCompile Include="Core\Component.cpp">
      <Filter>Core</Filter>
    </ClCompile>
    <ClCompile Include="Utils\CBString.cpp">
      <Filter>Utils</Filter>
    </ClCompile>
    <ClCompile Include="Utils\CBFile.cpp">
      <Filter>Utils</Filter>
    </ClCompile>
    <ClCompile Include="Utils\CBPath.cpp">
      <Filter>Utils</Filter>
    </ClCompile>
    <ClCompile Include="Core\System.cpp">
      <Filter>Core</Filter>
    </ClCompile>
    <ClCompile Include="Core\Engine.cpp">
      <Filter>Core</Filter>
    </ClCompile>
    <ClCompile Include="Core\Game.cpp">
      <Filter>Core</Filter>
    </ClCompile>
    <ClCompile Include="Render\Mesh.cpp">
      <Filter>Render</Filter>
    </ClCompile>
    <ClCompile Include="Render\Window.cpp">
      <Filter>Render</Filter>
    </ClCompile>
    <ClCompile Include="Render\Graphics.cpp">
      <Filter>Render</Filter>
    </ClCompile>
    <ClCompile Include="Memory\CBMemArena.cpp">
      <Filter>Memory</Filter>
    </ClCompile>
    <ClCompile Include="Memory\CBPoolAllocator.cpp">
      <Filter>Memory</Filter>
    </ClCompile>
    <ClCompile Include="Memory\CBMemory.cpp">
      <Filter>Memory</Filter>
    </ClCompile>
    <ClCompile Include="Render\MeshManager.cpp">
      <Filter>Render</Filter>
    </ClCompile>
    <ClCompile Include="SceneGraph\SceneNode.cpp">
      <Filter>SceneGraph</Filter>
    </ClCompile>
    <ClCompile Include="SceneGraph\Camera.cpp">
      <Filter>SceneGraph</Filter>
    </ClCompile>
    <ClCompile Include="Render\MeshInstance.cpp">
      <Filter>Render</Filter>
    </ClCompile>
    <ClCompile Include="Core\Input.cpp">
      <Filter>Core</Filter>
    </ClCompile>
    <ClCompile Include="Messaging\MessageBus.cpp">
      <Filter>Messaging</Filter>
    </ClCompile>
    <ClCompile Include="Messaging\Message.cpp">
      <Filter>Messaging</Filter>
    </ClCompile>
    <ClCompile Include="Messaging\CBMessaging.cpp">
      <Filter>Messaging</Filter>
    </ClCompile>
  </ItemGroup>
  <ItemGroup>
    <None Include="..\..\assets\meshes\cube_pos.bufa">
      <Filter>Assets</Filter>
    </None>
    <None Include="..\..\assets\meshes\cube.mesha">
      <Filter>Assets</Filter>
    </None>
  </ItemGroup>
  <ItemGroup>
    <FxCompile Include="..\..\assets\shaders\default_ps.hlsl">
      <Filter>Assets</Filter>
    </FxCompile>
    <FxCompile Include="..\..\assets\shaders\default_vs.hlsl">
      <Filter>Assets</Filter>
    </FxCompile>
  </ItemGroup>
</Project>