
Microsoft Visual Studio Solution File, Format Version 12.00
# Visual Studio 15
VisualStudioVersion = 15.0.27130.2010
MinimumVisualStudioVersion = 10.0.40219.1
Project("{8BC9CEB8-8B4A-11D0-8D11-00A0C91BC942}") = "CowByteEngine", "CowByteEngine\CowByteEngine.vcxproj", "{1922B123-0D73-4669-ADA4-A50E6295A74E}"
EndProject
Global
	GlobalSection(SolutionConfigurationPlatforms) = preSolution
		Debug|x64 = Debug|x64
		Debug|x86 = Debug|x86
		Release|x64 = Release|x64
		Release|x86 = Release|x86
	EndGlobalSection
	GlobalSection(ProjectConfigurationPlatforms) = postSolution
		{1922B123-0D73-4669-ADA4-A50E6295A74E}.Debug|x64.ActiveCfg = Debug|x64
		{1922B123-0D73-4669-ADA4-A50E6295A74E}.Debug|x64.Build.0 = Debug|x64
		{1922B123-0D73-4669-ADA4-A50E6295A74E}.Debug|x86.ActiveCfg = Debug|Win32
		{1922B123-0D73-4669-ADA4-A50E6295A74E}.Debug|x86.Build.0 = Debug|Win32
		{1922B123-0D73-4669-ADA4-A50E6295A74E}.Release|x64.ActiveCfg = Release|x64
		{1922B123-0D73-4669-ADA4-A50E6295A74E}.Release|x64.Build.0 = Release|x64
		{1922B123-0D73-4669-ADA4-A50E6295A74E}.Release|x86.ActiveCfg = Release|Win32
		{1922B123-0D73-4669-ADA4-A50E6295A74E}.Release|x86.Build.0 = Release|Win32
	EndGlobalSection
	GlobalSection(SolutionProperties) = preSolution
		HideSolutionNode = FALSE
	EndGlobalSection
	GlobalSection(ExtensibilityGlobals) = postSolution
		SolutionGuid = {7D969630-86B0-48E5-BED8-5C1EE0909511}
	EndGlobalSection
EndGlobal
